
Microsoft Visual Studio Solution File, Format Version 12.00
# Visual Studio Version 16
VisualStudioVersion = 16.0.29709.97
MinimumVisualStudioVersion = 10.0.40219.1
Project("{9A19103F-16F7-4668-BE54-9A1E7A4F7556}") = "Template", "Template\Template.csproj", "{F623CCEB-EF02-406D-9673-474FDE3E80BA}"
EndProject
Project("{2150E333-8FDC-42A3-9474-1A3956D46DE8}") = "1-Web", "1-Web", "{20806077-3C6F-409A-A5B9-0D25B3C63ABD}"
EndProject
Project("{2150E333-8FDC-42A3-9474-1A3956D46DE8}") = "2-Aplication", "2-Aplication", "{4B333E5B-1B11-4340-9BC6-D4A204BBCF8B}"
EndProject
Project("{2150E333-8FDC-42A3-9474-1A3956D46DE8}") = "3-Domain", "3-Domain", "{FD436054-99B9-4E9F-A21F-31249129ADA8}"
EndProject
Project("{2150E333-8FDC-42A3-9474-1A3956D46DE8}") = "4-Infra", "4-Infra", "{81FEE3A6-F676-4B8B-8026-C3158EB3CB39}"
EndProject
Project("{9A19103F-16F7-4668-BE54-9A1E7A4F7556}") = "Template.Aplication", "Template.Aplication\Template.Aplication.csproj", "{5A973112-AD71-491E-8D09-E7D6B7764FCF}"
EndProject
Project("{9A19103F-16F7-4668-BE54-9A1E7A4F7556}") = "Template.Domain", "Template.Domain\Template.Domain.csproj", "{21CFA22C-4260-4836-90A5-5801BE85CE10}"
EndProject
Project("{2150E333-8FDC-42A3-9474-1A3956D46DE8}") = "4.1-Data", "4.1-Data", "{14FC05D5-3CC8-4505-8AC0-4DF75E544C11}"
EndProject
Project("{2150E333-8FDC-42A3-9474-1A3956D46DE8}") = "4.2-CrossCuting", "4.2-CrossCuting", "{7E64C595-446F-45F9-8CFF-78F426608F62}"
EndProject
Project("{2150E333-8FDC-42A3-9474-1A3956D46DE8}") = "4.2-CrossCutting", "4.2-CrossCutting", "{DD4FB63F-A6BC-4E6F-8F74-8DE56B1315DC}"
EndProject
Project("{9A19103F-16F7-4668-BE54-9A1E7A4F7556}") = "Template.Data", "Template.Data\Template.Data.csproj", "{84D99C38-A87D-4135-8293-021DEBE593B5}"
EndProject
Project("{9A19103F-16F7-4668-BE54-9A1E7A4F7556}") = "Template.IoC", "Template.IoC\Template.IoC.csproj", "{308E7915-349B-4A1E-9129-CD7C31473F8C}"
EndProject
Project("{FAE04EC0-301F-11D3-BF4B-00C04F79EFBC}") = "Template.Swagger", "Template.Swagger\Template.Swagger.csproj", "{856E04CA-DFC1-49C8-A5D7-4C41BC39FF00}"
EndProject
Global
	GlobalSection(SolutionConfigurationPlatforms) = preSolution
		Debug|Any CPU = Debug|Any CPU
		Release|Any CPU = Release|Any CPU
	EndGlobalSection
	GlobalSection(ProjectConfigurationPlatforms) = postSolution
		{F623CCEB-EF02-406D-9673-474FDE3E80BA}.Debug|Any CPU.ActiveCfg = Debug|Any CPU
		{F623CCEB-EF02-406D-9673-474FDE3E80BA}.Debug|Any CPU.Build.0 = Debug|Any CPU
		{F623CCEB-EF02-406D-9673-474FDE3E80BA}.Release|Any CPU.ActiveCfg = Release|Any CPU
		{F623CCEB-EF02-406D-9673-474FDE3E80BA}.Release|Any CPU.Build.0 = Release|Any CPU
		{5A973112-AD71-491E-8D09-E7D6B7764FCF}.Debug|Any CPU.ActiveCfg = Debug|Any CPU
		{5A973112-AD71-491E-8D09-E7D6B7764FCF}.Debug|Any CPU.Build.0 = Debug|Any CPU
		{5A973112-AD71-491E-8D09-E7D6B7764FCF}.Release|Any CPU.ActiveCfg = Release|Any CPU
		{5A973112-AD71-491E-8D09-E7D6B7764FCF}.Release|Any CPU.Build.0 = Release|Any CPU
		{21CFA22C-4260-4836-90A5-5801BE85CE10}.Debug|Any CPU.ActiveCfg = Debug|Any CPU
		{21CFA22C-4260-4836-90A5-5801BE85CE10}.Debug|Any CPU.Build.0 = Debug|Any CPU
		{21CFA22C-4260-4836-90A5-5801BE85CE10}.Release|Any CPU.ActiveCfg = Release|Any CPU
		{21CFA22C-4260-4836-90A5-5801BE85CE10}.Release|Any CPU.Build.0 = Release|Any CPU
		{84D99C38-A87D-4135-8293-021DEBE593B5}.Debug|Any CPU.ActiveCfg = Debug|Any CPU
		{84D99C38-A87D-4135-8293-021DEBE593B5}.Debug|Any CPU.Build.0 = Debug|Any CPU
		{84D99C38-A87D-4135-8293-021DEBE593B5}.Release|Any CPU.ActiveCfg = Release|Any CPU
		{84D99C38-A87D-4135-8293-021DEBE593B5}.Release|Any CPU.Build.0 = Release|Any CPU
		{308E7915-349B-4A1E-9129-CD7C31473F8C}.Debug|Any CPU.ActiveCfg = Debug|Any CPU
		{308E7915-349B-4A1E-9129-CD7C31473F8C}.Debug|Any CPU.Build.0 = Debug|Any CPU
		{308E7915-349B-4A1E-9129-CD7C31473F8C}.Release|Any CPU.ActiveCfg = Release|Any CPU
		{308E7915-349B-4A1E-9129-CD7C31473F8C}.Release|Any CPU.Build.0 = Release|Any CPU
		{856E04CA-DFC1-49C8-A5D7-4C41BC39FF00}.Debug|Any CPU.ActiveCfg = Debug|Any CPU
		{856E04CA-DFC1-49C8-A5D7-4C41BC39FF00}.Debug|Any CPU.Build.0 = Debug|Any CPU
		{856E04CA-DFC1-49C8-A5D7-4C41BC39FF00}.Release|Any CPU.ActiveCfg = Release|Any CPU
		{856E04CA-DFC1-49C8-A5D7-4C41BC39FF00}.Release|Any CPU.Build.0 = Release|Any CPU
	EndGlobalSection
	GlobalSection(SolutionProperties) = preSolution
		HideSolutionNode = FALSE
	EndGlobalSection
	GlobalSection(NestedProjects) = preSolution
		{F623CCEB-EF02-406D-9673-474FDE3E80BA} = {20806077-3C6F-409A-A5B9-0D25B3C63ABD}
		{5A973112-AD71-491E-8D09-E7D6B7764FCF} = {4B333E5B-1B11-4340-9BC6-D4A204BBCF8B}
		{21CFA22C-4260-4836-90A5-5801BE85CE10} = {FD436054-99B9-4E9F-A21F-31249129ADA8}
		{14FC05D5-3CC8-4505-8AC0-4DF75E544C11} = {81FEE3A6-F676-4B8B-8026-C3158EB3CB39}
		{7E64C595-446F-45F9-8CFF-78F426608F62} = {81FEE3A6-F676-4B8B-8026-C3158EB3CB39}
		{DD4FB63F-A6BC-4E6F-8F74-8DE56B1315DC} = {81FEE3A6-F676-4B8B-8026-C3158EB3CB39}
		{84D99C38-A87D-4135-8293-021DEBE593B5} = {14FC05D5-3CC8-4505-8AC0-4DF75E544C11}
		{308E7915-349B-4A1E-9129-CD7C31473F8C} = {DD4FB63F-A6BC-4E6F-8F74-8DE56B1315DC}
		{856E04CA-DFC1-49C8-A5D7-4C41BC39FF00} = {DD4FB63F-A6BC-4E6F-8F74-8DE56B1315DC}
	EndGlobalSection
	GlobalSection(ExtensibilityGlobals) = postSolution
		SolutionGuid = {051CDA33-05F1-4EDB-A22F-8B333A72DB8E}
	EndGlobalSection
EndGlobal
